{
  "name": "meridian-recruiter-tracker",
  "version": "1.0.0",
  "lockfileVersion": 3,
  "requires": true,
  "packages": {
    "": {
      "name": "meridian-recruiter-tracker",
      "version": "1.0.0",
      "dependencies": {
        "express": "^4.18.2"
      },
      "engines": {
        "node": ">=18"
      }
    }
  }
}
